
Microsoft Visual Studio Solution File, Format Version 12.00
Project("{FAE04EC0-301F-11D3-BF4B-00C04F79EFBC}") = "MultiTenantMailControl.App", "src\MultiTenantMailControl.App\MultiTenantMailControl.App.csproj", "{ADC83DF0-86C9-445B-B4E8-8BE560FD250D}"
EndProject
Project("{FAE04EC0-301F-11D3-BF4B-00C04F79EFBC}") = "MultiTenantMailControl.Playground", "MultiTenantMailControl.Playground\MultiTenantMailControl.Playground.csproj", "{62059003-5A0A-4C47-82EA-4F1BF99B6A6A}"
EndProject
Global
	GlobalSection(SolutionConfigurationPlatforms) = preSolution
		Debug|Any CPU = Debug|Any CPU
		Release|Any CPU = Release|Any CPU
	EndGlobalSection
	GlobalSection(ProjectConfigurationPlatforms) = postSolution
		{ADC83DF0-86C9-445B-B4E8-8BE560FD250D}.Debug|Any CPU.ActiveCfg = Debug|Any CPU
		{ADC83DF0-86C9-445B-B4E8-8BE560FD250D}.Debug|Any CPU.Build.0 = Debug|Any CPU
		{ADC83DF0-86C9-445B-B4E8-8BE560FD250D}.Release|Any CPU.ActiveCfg = Release|Any CPU
		{ADC83DF0-86C9-445B-B4E8-8BE560FD250D}.Release|Any CPU.Build.0 = Release|Any CPU
		{62059003-5A0A-4C47-82EA-4F1BF99B6A6A}.Debug|Any CPU.ActiveCfg = Debug|Any CPU
		{62059003-5A0A-4C47-82EA-4F1BF99B6A6A}.Debug|Any CPU.Build.0 = Debug|Any CPU
		{62059003-5A0A-4C47-82EA-4F1BF99B6A6A}.Release|Any CPU.ActiveCfg = Release|Any CPU
		{62059003-5A0A-4C47-82EA-4F1BF99B6A6A}.Release|Any CPU.Build.0 = Release|Any CPU
	EndGlobalSection
EndGlobal
